#include <iostream>   // For input/output operations
#include <iomanip>   // For formatting output
#include "InvestmentCalculator.h"   // Include the custom class header

int main() {
	// Declare variables for user input
	double initialInvestment;
	double monthlyDeposit;
	double annualInterest;
	int numberOfYears;

	// Display program welcome message
	std::cout << "====================" << std::endl;
	std::cout << "========== Airgead Banking App ==========" << std::endl;
	std::cout << "====================" << std::endl;

	// Prompt the user to enter the initial investment amount
	std::cout << "Enter Initial Investment Amount:  $";
	std::cin >> initialInvestment;

	// Prompt the user to enter the monthly deposit amount
	std::cout << "Enter Monthly Deposit:  $";
	std::cin >> monthlyDeposit;

	// Prompt the user to enter the annual interest rate
	std::cout << "Enter Annual Interest Rate (in %): ";
	std::cin >> numberOfYears;

	// Create an object of the InvestmentCalculator class
	InvestmentCalculator calculator(initialInvestment, monthlyDeposit, annualInterest, numberOfYears);

	// Add spacing between inputs and results
	std::cout << std::endl;

	// Call the function to display results without monthly deposits
	calculator.displayWithoutMonthlyDeposits();

	// Add spacing
	std::cout << std::endl;

	// Call the function to display results with monthly deposits
	calculator.displayWithMonthlyDeposits();

	// End porgram
	return 0;
